
Microsoft Visual Studio Solution File, Format Version 12.00
# Visual Studio Version 16
VisualStudioVersion = 16.0.30621.155
MinimumVisualStudioVersion = 10.0.40219.1
Project("{FAE04EC0-301F-11D3-BF4B-00C04F79EFBC}") = "MidTerm4223", "MidTerm4223\MidTerm4223.csproj", "{E2F5752D-1DAA-4E41-A0BB-E46F1AF7E14B}"
EndProject
Project("{FAE04EC0-301F-11D3-BF4B-00C04F79EFBC}") = "MidTerm.Data", "MidTerm4223.Data\MidTerm.Data.csproj", "{C3DBF54B-7FEA-47B1-A759-BC43DBC8F666}"
EndProject
Project("{FAE04EC0-301F-11D3-BF4B-00C04F79EFBC}") = "MidTerm.Services", "MidTerm.Services\MidTerm.Services.csproj", "{8F861881-AB38-4BC9-905D-79AC1006C1BA}"
EndProject
Project("{FAE04EC0-301F-11D3-BF4B-00C04F79EFBC}") = "MidTerm.Models", "MidTerm.Models\MidTerm.Models.csproj", "{3B1EEF55-7DA5-4C9F-BD44-13F590B5C0C9}"
EndProject
Global
	GlobalSection(SolutionConfigurationPlatforms) = preSolution
		Debug|Any CPU = Debug|Any CPU
		Release|Any CPU = Release|Any CPU
	EndGlobalSection
	GlobalSection(ProjectConfigurationPlatforms) = postSolution
		{E2F5752D-1DAA-4E41-A0BB-E46F1AF7E14B}.Debug|Any CPU.ActiveCfg = Debug|Any CPU
		{E2F5752D-1DAA-4E41-A0BB-E46F1AF7E14B}.Debug|Any CPU.Build.0 = Debug|Any CPU
		{E2F5752D-1DAA-4E41-A0BB-E46F1AF7E14B}.Release|Any CPU.ActiveCfg = Release|Any CPU
		{E2F5752D-1DAA-4E41-A0BB-E46F1AF7E14B}.Release|Any CPU.Build.0 = Release|Any CPU
		{C3DBF54B-7FEA-47B1-A759-BC43DBC8F666}.Debug|Any CPU.ActiveCfg = Debug|Any CPU
		{C3DBF54B-7FEA-47B1-A759-BC43DBC8F666}.Debug|Any CPU.Build.0 = Debug|Any CPU
		{C3DBF54B-7FEA-47B1-A759-BC43DBC8F666}.Release|Any CPU.ActiveCfg = Release|Any CPU
		{C3DBF54B-7FEA-47B1-A759-BC43DBC8F666}.Release|Any CPU.Build.0 = Release|Any CPU
		{8F861881-AB38-4BC9-905D-79AC1006C1BA}.Debug|Any CPU.ActiveCfg = Debug|Any CPU
		{8F861881-AB38-4BC9-905D-79AC1006C1BA}.Debug|Any CPU.Build.0 = Debug|Any CPU
		{8F861881-AB38-4BC9-905D-79AC1006C1BA}.Release|Any CPU.ActiveCfg = Release|Any CPU
		{8F861881-AB38-4BC9-905D-79AC1006C1BA}.Release|Any CPU.Build.0 = Release|Any CPU
		{3B1EEF55-7DA5-4C9F-BD44-13F590B5C0C9}.Debug|Any CPU.ActiveCfg = Debug|Any CPU
		{3B1EEF55-7DA5-4C9F-BD44-13F590B5C0C9}.Debug|Any CPU.Build.0 = Debug|Any CPU
		{3B1EEF55-7DA5-4C9F-BD44-13F590B5C0C9}.Release|Any CPU.ActiveCfg = Release|Any CPU
		{3B1EEF55-7DA5-4C9F-BD44-13F590B5C0C9}.Release|Any CPU.Build.0 = Release|Any CPU
	EndGlobalSection
	GlobalSection(SolutionProperties) = preSolution
		HideSolutionNode = FALSE
	EndGlobalSection
	GlobalSection(ExtensibilityGlobals) = postSolution
		SolutionGuid = {5A0F6560-7C08-4085-9B25-90E6FAB340C2}
	EndGlobalSection
EndGlobal
